{
  "name": "matrix",
  "version": "1.0.0",
  "lockfileVersion": 1,
  "requires": true,
  "dependencies": {
    "@pixi/filter-adjustment": {
      "version": "4.0.0",
      "resolved": "https://registry.npmjs.org/@pixi/filter-adjustment/-/filter-adjustment-4.0.0.tgz",
      "integrity": "sha512-GReWzqdLV4Z7oe+ftqDChz21Rl41Dwy0X4qBbhdI2X1GX8uNoKTOMKUrRn745DrvL/e0OjsGYTNGNFPOoGOZDw=="
    },
    "@pixi/filter-advanced-bloom": {
      "version": "4.0.0",
      "resolved": "https://registry.npmjs.org/@pixi/filter-advanced-bloom/-/filter-advanced-bloom-4.0.0.tgz",
      "integrity": "sha512-JmTAme6jJXAXmaaI2DdzmQHvsr1iMSXWZXIVkxn2wzlKgbzlAZvUcWjxV43WLSuHO7x6C/V781J73kKyWzwRmA==",
      "requires": {
        "@pixi/filter-kawase-blur": "4.0.0"
      }
    },
    "@pixi/filter-ascii": {
      "version": "4.0.0",
      "resolved": "https://registry.npmjs.org/@pixi/filter-ascii/-/filter-ascii-4.0.0.tgz",
      "integrity": "sha512-hnXAjef/zTmgjOfxVh7yXQI6YMiUNCQ/kdZ4WPJFpLSS6EDvzpKWu0dAkHjz2Mt/NTOifyQgZxf1afTXzksAFQ=="
    },
    "@pixi/filter-bevel": {
      "version": "4.0.0",
      "resolved": "https://registry.npmjs.org/@pixi/filter-bevel/-/filter-bevel-4.0.0.tgz",
      "integrity": "sha512-X9KGn7IsuY7Og7YEqcTYZHXq1SXfbVQFkG4emqo/78zwf5TSkOd1nzpf/kT3wOg6yG7ajs7gyLzvkttRUaxLaw=="
    },
    "@pixi/filter-bloom": {
      "version": "4.0.0",
      "resolved": "https://registry.npmjs.org/@pixi/filter-bloom/-/filter-bloom-4.0.0.tgz",
      "integrity": "sha512-uSFMv4pMj+Ck9WkvgQzWGZRDvkabB2Dpgk59w1yIJAN8okLnzz83lObxPCBNxIIiI7U2h/+TejpU/3530cFDww=="
    },
    "@pixi/filter-bulge-pinch": {
      "version": "4.0.0",
      "resolved": "https://registry.npmjs.org/@pixi/filter-bulge-pinch/-/filter-bulge-pinch-4.0.0.tgz",
      "integrity": "sha512-zbp0XcAJCohAXKiY36hpif0OD1l4IrN6o92HUuTtLUVSon6jswcbGITw+jvFy4KwT6KyeoxZlLvx9EeUkD97/Q=="
    },
    "@pixi/filter-color-map": {
      "version": "4.0.0",
      "resolved": "https://registry.npmjs.org/@pixi/filter-color-map/-/filter-color-map-4.0.0.tgz",
      "integrity": "sha512-brBs5AbCNXaHJGt1LdgS4UmhRRxLpG0/x/GvtyxhW1pOzx/1tZyL9e+81iWgYQ7r1JZy/3A4INA4bbTxkRwZ7Q=="
    },
    "@pixi/filter-color-overlay": {
      "version": "4.0.0",
      "resolved": "https://registry.npmjs.org/@pixi/filter-color-overlay/-/filter-color-overlay-4.0.0.tgz",
      "integrity": "sha512-sdNqZF1Jf1CENHLaWAuXqqjMPdTm6hi7Td5EbKeFGoErNtfdHwIdC8RWp2DKwSxyCRrmDdo4tp7nXwAVDey74A=="
    },
    "@pixi/filter-color-replace": {
      "version": "4.0.0",
      "resolved": "https://registry.npmjs.org/@pixi/filter-color-replace/-/filter-color-replace-4.0.0.tgz",
      "integrity": "sha512-A6fnBcwF5C7a0tz1YcvWZ+AJQbl3AqJ0Y0RIly8kPBur2UDT1L/UTg3/RD9FFAU10ne3A7s5QIAnGi4YSK6NcQ=="
    },
    "@pixi/filter-convolution": {
      "version": "4.0.0",
      "resolved": "https://registry.npmjs.org/@pixi/filter-convolution/-/filter-convolution-4.0.0.tgz",
      "integrity": "sha512-uhZc3pdsj16I/tH8A5fx7fPo1xnhwIvwGFlVKaQLWio8sakD0nM4/Vh962Ac5Idt8N5BmSP+8z0u2FeBOW1Zww=="
    },
    "@pixi/filter-cross-hatch": {
      "version": "4.0.0",
      "resolved": "https://registry.npmjs.org/@pixi/filter-cross-hatch/-/filter-cross-hatch-4.0.0.tgz",
      "integrity": "sha512-2/Y5jQyk8uHePrtN/pHLbco5UAPzrIhqbqtDxZafCdhtvs8PCwhvFf0uJd1LOOvijVKkFt0TbZs3eAXodZi3mw=="
    },
    "@pixi/filter-crt": {
      "version": "4.0.0",
      "resolved": "https://registry.npmjs.org/@pixi/filter-crt/-/filter-crt-4.0.0.tgz",
      "integrity": "sha512-Fa1yW3VIWXoDTAJRGIeRvRKBbgEQ+eBxN1oPTxmDIwyo9I67q4EueENqb9VJ+0eflhKaPzEl+5oGXmT90aI7xw=="
    },
    "@pixi/filter-dot": {
      "version": "4.0.0",
      "resolved": "https://registry.npmjs.org/@pixi/filter-dot/-/filter-dot-4.0.0.tgz",
      "integrity": "sha512-GX+02h4X7aUugXkoB+jgw43fngRxZ1JSlg81IMCcikXZRGARb2vtXySlYlk3bLeLyGPEzB1rtOT0rsJnCW493Q=="
    },
    "@pixi/filter-drop-shadow": {
      "version": "4.0.0",
      "resolved": "https://registry.npmjs.org/@pixi/filter-drop-shadow/-/filter-drop-shadow-4.0.0.tgz",
      "integrity": "sha512-NufXk3ThhmWEi4qtIIpicl2HRf2tnIPOox8fOgoiuUOLUwsMFvRQBfAWweY0b+H9tusLxZNI6iwLeRDwtnQ+dg==",
      "requires": {
        "@pixi/filter-kawase-blur": "4.0.0"
      }
    },
    "@pixi/filter-emboss": {
      "version": "4.0.0",
      "resolved": "https://registry.npmjs.org/@pixi/filter-emboss/-/filter-emboss-4.0.0.tgz",
      "integrity": "sha512-AEpEPfJOIzTgvc1CkdAUP2YBKMPCdGf/W+M6nngc3p0G+ca7JsSsoruiijvWUT6pJoU8kGlIxIzQXYUPXu31aw=="
    },
    "@pixi/filter-glitch": {
      "version": "4.0.0",
      "resolved": "https://registry.npmjs.org/@pixi/filter-glitch/-/filter-glitch-4.0.0.tgz",
      "integrity": "sha512-Xtfh6oZQOf33/TqUvvDleQgdjDwW9r7q1qDRJ2dqv653jTClgjfUtQXLblgo6hFYDYoU4wWbJjVLJx0eBmOXMA=="
    },
    "@pixi/filter-glow": {
      "version": "4.0.0",
      "resolved": "https://registry.npmjs.org/@pixi/filter-glow/-/filter-glow-4.0.0.tgz",
      "integrity": "sha512-3M0HN/8PuRzPVz3/AafPHTs/0SfM4MXA3wRSZgvrwoBaMTrtfew5P1w5ofE+gF9/Wroc0pcxMqSoc+O335bagw=="
    },
    "@pixi/filter-godray": {
      "version": "4.0.0",
      "resolved": "https://registry.npmjs.org/@pixi/filter-godray/-/filter-godray-4.0.0.tgz",
      "integrity": "sha512-HnSEf7ClRLXLTBR4cCF5wXspjdCjNWC5kgxlVK6j8oeHoMc89DoQPmIU+IO8hCtwLEpyR9M2lc3NhoId9uCDzw=="
    },
    "@pixi/filter-kawase-blur": {
      "version": "4.0.0",
      "resolved": "https://registry.npmjs.org/@pixi/filter-kawase-blur/-/filter-kawase-blur-4.0.0.tgz",
      "integrity": "sha512-Ipmonw8aAiCABSMnq0GgOTkzLAZeWfBH5MQPrJdByi0WfIr6ZrkfxJI/1EfTTLBSs/eYPw6BqpZgEFNVqLk6LA=="
    },
    "@pixi/filter-motion-blur": {
      "version": "4.0.0",
      "resolved": "https://registry.npmjs.org/@pixi/filter-motion-blur/-/filter-motion-blur-4.0.0.tgz",
      "integrity": "sha512-y8fLsCZgEQSMUDh+JeCBqwO3J2RDW3JNLtnWLpof7a+89/xEb5mc/pUrGZMJBuzoQNYs19TFcF68AHosuw955Q=="
    },
    "@pixi/filter-multi-color-replace": {
      "version": "4.0.0",
      "resolved": "https://registry.npmjs.org/@pixi/filter-multi-color-replace/-/filter-multi-color-replace-4.0.0.tgz",
      "integrity": "sha512-RS5fI4wzsoVP/XaD2r5AN1DoTc0XI4e/EXOjIAR27ZDGaInI6LsDo6wyOvKCN3IAdRfwe3YOd5pwRBMlayGvHQ=="
    },
    "@pixi/filter-old-film": {
      "version": "4.0.0",
      "resolved": "https://registry.npmjs.org/@pixi/filter-old-film/-/filter-old-film-4.0.0.tgz",
      "integrity": "sha512-6JdpJZdR3ctZ13z/x4D8mkCSyUmkoe18ODF7K3itZTHu5DNLB+hbr5O/Iwa3V0S/ZkcXzKnNiBxGGBmD/l0anw=="
    },
    "@pixi/filter-outline": {
      "version": "4.0.0",
      "resolved": "https://registry.npmjs.org/@pixi/filter-outline/-/filter-outline-4.0.0.tgz",
      "integrity": "sha512-kicGEHxjIyOXkt27WRZsGhMBJRSGpIFndNhgI/sAmLRD8Zh9Vt/REG9aY8NKoZ9tqRxDUEvzVHOgxNzKQ3ZWtg=="
    },
    "@pixi/filter-pixelate": {
      "version": "4.0.0",
      "resolved": "https://registry.npmjs.org/@pixi/filter-pixelate/-/filter-pixelate-4.0.0.tgz",
      "integrity": "sha512-je57OmIZCpkcG2JjfB00ZbD+JdOuc0Rn9JJB3TLuZ/8qysPuK9l6uws/P8Mj8rIqIFku0fjGK3RP5eIosDOI7g=="
    },
    "@pixi/filter-radial-blur": {
      "version": "4.0.0",
      "resolved": "https://registry.npmjs.org/@pixi/filter-radial-blur/-/filter-radial-blur-4.0.0.tgz",
      "integrity": "sha512-ycAi+IM0weLZQeXpSO6rZj4I4ML5ThsDO6tlU4bCRkNy7amfwEFqMt6MmMRKyYi3Dgv+GWSSxnzAtHpK8oQnAQ=="
    },
    "@pixi/filter-reflection": {
      "version": "4.0.0",
      "resolved": "https://registry.npmjs.org/@pixi/filter-reflection/-/filter-reflection-4.0.0.tgz",
      "integrity": "sha512-b6Qm0/PAbGVlX6GCbOpGW40cG0weVY7VxzDCCebmm6OBmR+PeiyzcvbecgOnLxw6CcenW0jWBrHbDpVAQSLv7Q=="
    },
    "@pixi/filter-rgb-split": {
      "version": "4.0.0",
      "resolved": "https://registry.npmjs.org/@pixi/filter-rgb-split/-/filter-rgb-split-4.0.0.tgz",
      "integrity": "sha512-jRMgjZ3knweg0873hpmgv6BmofD7hws7BS8fmQGRSZXNJ+CZjhmKVwpADG8YcZZvNEYZhGatQh88CxYG9dTs9w=="
    },
    "@pixi/filter-shockwave": {
      "version": "4.0.0",
      "resolved": "https://registry.npmjs.org/@pixi/filter-shockwave/-/filter-shockwave-4.0.0.tgz",
      "integrity": "sha512-q1VMxtnXub+VP530r4LAMA5+W+llMTzmmVA32TITJTV2Reh6jyuObD7aBXPvPnGWse22EUmkODzyclfT8vZbTw=="
    },
    "@pixi/filter-simple-lightmap": {
      "version": "4.0.0",
      "resolved": "https://registry.npmjs.org/@pixi/filter-simple-lightmap/-/filter-simple-lightmap-4.0.0.tgz",
      "integrity": "sha512-RuP3oCx/gEuppRlLOvEBMQckUZ4rkbQs+t55LYLUsjck2F/HAoipF5ilOHBG7fBIroBqnPAUKyIPYrs+34PK+g=="
    },
    "@pixi/filter-tilt-shift": {
      "version": "4.0.0",
      "resolved": "https://registry.npmjs.org/@pixi/filter-tilt-shift/-/filter-tilt-shift-4.0.0.tgz",
      "integrity": "sha512-xYjQwBhTwS7rHnO//d2bYXsIdfkzgOCGvYONgnTpEKzIroAXlzixWq5MmJpSu1i2/oHN//S6wDKA4eF9TxLO5Q=="
    },
    "@pixi/filter-twist": {
      "version": "4.0.0",
      "resolved": "https://registry.npmjs.org/@pixi/filter-twist/-/filter-twist-4.0.0.tgz",
      "integrity": "sha512-UfkHCdP+PHTA/QzzrZ+FBulwnQNdJYaQGgbnkGKJ6yPX0/m1zn3LR5TNzV5hC5pzeuoAd2l4IajfdIt+wsEg6g=="
    },
    "@pixi/filter-zoom-blur": {
      "version": "4.0.0",
      "resolved": "https://registry.npmjs.org/@pixi/filter-zoom-blur/-/filter-zoom-blur-4.0.0.tgz",
      "integrity": "sha512-xPhkaRB6o0xsOKZ/4PXp3MGkw8JN0JHYBvzEvFZpJWzH/fqmEpECY8Shtj4/yFCrQ2aG3loIumzYKa0MGvLFmw=="
    },
    "pixi-filters": {
      "version": "4.0.0",
      "resolved": "https://registry.npmjs.org/pixi-filters/-/pixi-filters-4.0.0.tgz",
      "integrity": "sha512-ORpuO5b+GH5km9LRSF9zUvYaK+xZDXnLGPAFn23/UJJ7Pkr5HN1aNOpCyfPihmrwYpxGxCxpPOoq/nL60DAnGQ==",
      "requires": {
        "@pixi/filter-adjustment": "4.0.0",
        "@pixi/filter-advanced-bloom": "4.0.0",
        "@pixi/filter-ascii": "4.0.0",
        "@pixi/filter-bevel": "4.0.0",
        "@pixi/filter-bloom": "4.0.0",
        "@pixi/filter-bulge-pinch": "4.0.0",
        "@pixi/filter-color-map": "4.0.0",
        "@pixi/filter-color-overlay": "4.0.0",
        "@pixi/filter-color-replace": "4.0.0",
        "@pixi/filter-convolution": "4.0.0",
        "@pixi/filter-cross-hatch": "4.0.0",
        "@pixi/filter-crt": "4.0.0",
        "@pixi/filter-dot": "4.0.0",
        "@pixi/filter-drop-shadow": "4.0.0",
        "@pixi/filter-emboss": "4.0.0",
        "@pixi/filter-glitch": "4.0.0",
        "@pixi/filter-glow": "4.0.0",
        "@pixi/filter-godray": "4.0.0",
        "@pixi/filter-kawase-blur": "4.0.0",
        "@pixi/filter-motion-blur": "4.0.0",
        "@pixi/filter-multi-color-replace": "4.0.0",
        "@pixi/filter-old-film": "4.0.0",
        "@pixi/filter-outline": "4.0.0",
        "@pixi/filter-pixelate": "4.0.0",
        "@pixi/filter-radial-blur": "4.0.0",
        "@pixi/filter-reflection": "4.0.0",
        "@pixi/filter-rgb-split": "4.0.0",
        "@pixi/filter-shockwave": "4.0.0",
        "@pixi/filter-simple-lightmap": "4.0.0",
        "@pixi/filter-tilt-shift": "4.0.0",
        "@pixi/filter-twist": "4.0.0",
        "@pixi/filter-zoom-blur": "4.0.0"
      }
    }
  }
}
